
Microsoft Visual Studio Solution File, Format Version 12.00
# Visual Studio Version 17
VisualStudioVersion = 17.5.002.0
MinimumVisualStudioVersion = 10.0.40219.1
Project("{9A19103F-16F7-4668-BE54-9A1E7A4F7556}") = "debugging-csharp-azure", "debugging-csharp-azure.csproj", "{16724753-7080-4B14-B30F-AC5A77D80239}"
EndProject
Global
	GlobalSection(SolutionConfigurationPlatforms) = preSolution
		Debug|Any CPU = Debug|Any CPU
		Release|Any CPU = Release|Any CPU
	EndGlobalSection
	GlobalSection(ProjectConfigurationPlatforms) = postSolution
		{16724753-7080-4B14-B30F-AC5A77D80239}.Debug|Any CPU.ActiveCfg = Debug|Any CPU
		{16724753-7080-4B14-B30F-AC5A77D80239}.Debug|Any CPU.Build.0 = Debug|Any CPU
		{16724753-7080-4B14-B30F-AC5A77D80239}.Release|Any CPU.ActiveCfg = Release|Any CPU
		{16724753-7080-4B14-B30F-AC5A77D80239}.Release|Any CPU.Build.0 = Release|Any CPU
	EndGlobalSection
	GlobalSection(SolutionProperties) = preSolution
		HideSolutionNode = FALSE
	EndGlobalSection
	GlobalSection(ExtensibilityGlobals) = postSolution
		SolutionGuid = {44C03263-0CAB-4C70-AEFC-5B234B75D9A7}
	EndGlobalSection
EndGlobal
